
Microsoft Visual Studio Solution File, Format Version 12.00
# Visual Studio Version 17
VisualStudioVersion = 17.0.31717.71
MinimumVisualStudioVersion = 10.0.40219.1
Project("{2150E333-8FDC-42A3-9474-1A3956D46DE8}") = "Solution Items", "Solution Items", "{347041D4-B75A-452B-A6B5-C592FED6B15E}"
	ProjectSection(SolutionItems) = preProject
		.gitignore = .gitignore
		.github\workflows\main.yml = .github\workflows\main.yml
		NuGet.Config = NuGet.Config
		README.md = README.md
		version.json = version.json
	EndProjectSection
EndProject
Project("{9A19103F-16F7-4668-BE54-9A1E7A4F7556}") = "Geckonet.Core", "Source\Geckonet.Core\Geckonet.Core.csproj", "{DB485697-593C-4A39-B141-CE83B2F21BAE}"
EndProject
Project("{FAE04EC0-301F-11D3-BF4B-00C04F79EFBC}") = "Geckonet.Tests", "Source\Geckonet.Tests\Geckonet.Tests.csproj", "{AFD85F3E-F617-4615-BB1D-055652E3BD45}"
EndProject
Project("{FAE04EC0-301F-11D3-BF4B-00C04F79EFBC}") = "Geckonet.Sample", "Source\Geckonet.Sample\Geckonet.Sample.csproj", "{E9BA0468-62F7-4B89-8D5F-1A5E951C3AFD}"
EndProject
Global
	GlobalSection(SolutionConfigurationPlatforms) = preSolution
		Debug|Any CPU = Debug|Any CPU
		Release|Any CPU = Release|Any CPU
	EndGlobalSection
	GlobalSection(ProjectConfigurationPlatforms) = postSolution
		{DB485697-593C-4A39-B141-CE83B2F21BAE}.Debug|Any CPU.ActiveCfg = Debug|Any CPU
		{DB485697-593C-4A39-B141-CE83B2F21BAE}.Debug|Any CPU.Build.0 = Debug|Any CPU
		{DB485697-593C-4A39-B141-CE83B2F21BAE}.Release|Any CPU.ActiveCfg = Release|Any CPU
		{DB485697-593C-4A39-B141-CE83B2F21BAE}.Release|Any CPU.Build.0 = Release|Any CPU
		{AFD85F3E-F617-4615-BB1D-055652E3BD45}.Debug|Any CPU.ActiveCfg = Debug|Any CPU
		{AFD85F3E-F617-4615-BB1D-055652E3BD45}.Debug|Any CPU.Build.0 = Debug|Any CPU
		{AFD85F3E-F617-4615-BB1D-055652E3BD45}.Release|Any CPU.ActiveCfg = Release|Any CPU
		{AFD85F3E-F617-4615-BB1D-055652E3BD45}.Release|Any CPU.Build.0 = Release|Any CPU
		{E9BA0468-62F7-4B89-8D5F-1A5E951C3AFD}.Debug|Any CPU.ActiveCfg = Debug|Any CPU
		{E9BA0468-62F7-4B89-8D5F-1A5E951C3AFD}.Debug|Any CPU.Build.0 = Debug|Any CPU
		{E9BA0468-62F7-4B89-8D5F-1A5E951C3AFD}.Release|Any CPU.ActiveCfg = Release|Any CPU
	EndGlobalSection
	GlobalSection(SolutionProperties) = preSolution
		HideSolutionNode = FALSE
	EndGlobalSection
	GlobalSection(ExtensibilityGlobals) = postSolution
		SolutionGuid = {85537B7A-1A7C-4785-BA53-7F44A1ED4DA6}
	EndGlobalSection
EndGlobal
